
Microsoft Visual Studio Solution File, Format Version 12.00
# Visual Studio 15
VisualStudioVersion = 15.0.27130.2027
MinimumVisualStudioVersion = 10.0.40219.1
Project("{E24C65DC-7377-472B-9ABA-BC803B73C61A}") = "Task2BIntroCSS", "Task2BIntroCSS\", "{8EB3157B-2D90-4483-BE66-2956E277A461}"
	ProjectSection(WebsiteProperties) = preProject
		TargetFrameworkMoniker = ".NETFramework,Version%3Dv4.0"
		Debug.AspNetCompiler.VirtualPath = "/localhost_49700"
		Debug.AspNetCompiler.PhysicalPath = "..\..\..\Desktop\Task2BIntroCSS\"
		Debug.AspNetCompiler.TargetPath = "PrecompiledWeb\localhost_49700\"
		Debug.AspNetCompiler.Updateable = "true"
		Debug.AspNetCompiler.ForceOverwrite = "true"
		Debug.AspNetCompiler.FixedNames = "false"
		Debug.AspNetCompiler.Debug = "True"
		Release.AspNetCompiler.VirtualPath = "/localhost_49700"
		Release.AspNetCompiler.PhysicalPath = "..\..\..\Desktop\Task2BIntroCSS\"
		Release.AspNetCompiler.TargetPath = "PrecompiledWeb\localhost_49700\"
		Release.AspNetCompiler.Updateable = "true"
		Release.AspNetCompiler.ForceOverwrite = "true"
		Release.AspNetCompiler.FixedNames = "false"
		Release.AspNetCompiler.Debug = "False"
		VWDPort = "49700"
	EndProjectSection
EndProject
Global
	GlobalSection(SolutionConfigurationPlatforms) = preSolution
		Debug|Any CPU = Debug|Any CPU
	EndGlobalSection
	GlobalSection(ProjectConfigurationPlatforms) = postSolution
		{8EB3157B-2D90-4483-BE66-2956E277A461}.Debug|Any CPU.ActiveCfg = Debug|Any CPU
		{8EB3157B-2D90-4483-BE66-2956E277A461}.Debug|Any CPU.Build.0 = Debug|Any CPU
	EndGlobalSection
	GlobalSection(SolutionProperties) = preSolution
		HideSolutionNode = FALSE
	EndGlobalSection
	GlobalSection(ExtensibilityGlobals) = postSolution
		SolutionGuid = {C7072807-9B47-42E6-82BE-6F736FA1D9BA}
	EndGlobalSection
EndGlobal
